// !$*UTF8*$!
{
	archiveVersion = 1;
	classes = {
	};
	objectVersion = 56;
	objects = {

/* Begin PBXBuildFile section */
		051156142C66620D00230CFE /* ReusableIdentifier.swift in Sources */ = {isa = PBXBuildFile; fileRef = 051156132C66620D00230CFE /* ReusableIdentifier.swift */; };
		0511B16A2C847E5F00433173 /* LoginIntroView.swift in Sources */ = {isa = PBXBuildFile; fileRef = 0511B1692C847E5F00433173 /* LoginIntroView.swift */; };
		0511B16E2C84820500433173 /* LoginIntroController.swift in Sources */ = {isa = PBXBuildFile; fileRef = 0511B16D2C84820500433173 /* LoginIntroController.swift */; };
		0511B1722C84BF8A00433173 /* UIColor+.swift in Sources */ = {isa = PBXBuildFile; fileRef = 0511B1712C84BF8A00433173 /* UIColor+.swift */; };
		0511B1752C84C72D00433173 /* Pacifico-Regular.ttf in Resources */ = {isa = PBXBuildFile; fileRef = 0511B1742C84C72D00433173 /* Pacifico-Regular.ttf */; };
		0511B17F2C84D8F700433173 /* GoogleService-Info.plist in Resources */ = {isa = PBXBuildFile; fileRef = 0511B17E2C84D8F700433173 /* GoogleService-Info.plist */; };
		0511B1822C84DA0B00433173 /* AuthService.swift in Sources */ = {isa = PBXBuildFile; fileRef = 0511B1812C84DA0B00433173 /* AuthService.swift */; };
		0511B1842C84DB7700433173 /* Constant.swift in Sources */ = {isa = PBXBuildFile; fileRef = 0511B1832C84DB7700433173 /* Constant.swift */; };
		0511B1862C84DC7B00433173 /* LoginView.swift in Sources */ = {isa = PBXBuildFile; fileRef = 0511B1852C84DC7B00433173 /* LoginView.swift */; };
		0511B1882C84DC9600433173 /* LoginController.swift in Sources */ = {isa = PBXBuildFile; fileRef = 0511B1872C84DC9600433173 /* LoginController.swift */; };
		0511B18B2C84E07800433173 /* CustomTextField.swift in Sources */ = {isa = PBXBuildFile; fileRef = 0511B18A2C84E07800433173 /* CustomTextField.swift */; };
		0511B18D2C84E2CB00433173 /* UIButton+Authentication.swift in Sources */ = {isa = PBXBuildFile; fileRef = 0511B18C2C84E2CB00433173 /* UIButton+Authentication.swift */; };
		0511B18F2C84E79800433173 /* RegistrationController.swift in Sources */ = {isa = PBXBuildFile; fileRef = 0511B18E2C84E79800433173 /* RegistrationController.swift */; };
		0511B1912C84E7B500433173 /* RegistrationView.swift in Sources */ = {isa = PBXBuildFile; fileRef = 0511B1902C84E7B500433173 /* RegistrationView.swift */; };
		0511B1962C85029800433173 /* String+Authentication.swift in Sources */ = {isa = PBXBuildFile; fileRef = 0511B1952C85029800433173 /* String+Authentication.swift */; };
		056F30002C5CB2DD00931302 /* AppDelegate.swift in Sources */ = {isa = PBXBuildFile; fileRef = 056F2FFF2C5CB2DD00931302 /* AppDelegate.swift */; };
		056F30022C5CB2DD00931302 /* SceneDelegate.swift in Sources */ = {isa = PBXBuildFile; fileRef = 056F30012C5CB2DD00931302 /* SceneDelegate.swift */; };
		056F30092C5CB2DF00931302 /* Assets.xcassets in Resources */ = {isa = PBXBuildFile; fileRef = 056F30082C5CB2DF00931302 /* Assets.xcassets */; };
		056F300C2C5CB2DF00931302 /* Base in Resources */ = {isa = PBXBuildFile; fileRef = 056F300B2C5CB2DF00931302 /* Base */; };
		056F301A2C5CB3B300931302 /* HomeController.swift in Sources */ = {isa = PBXBuildFile; fileRef = 056F30192C5CB3B300931302 /* HomeController.swift */; };
		056F301C2C5CB40C00931302 /* HomeView.swift in Sources */ = {isa = PBXBuildFile; fileRef = 056F301B2C5CB40C00931302 /* HomeView.swift */; };
		056F301F2C5CB44A00931302 /* BaseViewController.swift in Sources */ = {isa = PBXBuildFile; fileRef = 056F301E2C5CB44A00931302 /* BaseViewController.swift */; };
		056F30212C5CB4F500931302 /* BaseView.swift in Sources */ = {isa = PBXBuildFile; fileRef = 056F30202C5CB4F500931302 /* BaseView.swift */; };
		784BD5D40BCA8A289965F7C8 /* Pods_iSymbol.framework in Frameworks */ = {isa = PBXBuildFile; fileRef = 47CECE3639639584775D2F47 /* Pods_iSymbol.framework */; };
/* End PBXBuildFile section */

/* Begin PBXFileReference section */
		051156132C66620D00230CFE /* ReusableIdentifier.swift */ = {isa = PBXFileReference; lastKnownFileType = sourcecode.swift; path = ReusableIdentifier.swift; sourceTree = "<group>"; };
		0511B1692C847E5F00433173 /* LoginIntroView.swift */ = {isa = PBXFileReference; lastKnownFileType = sourcecode.swift; path = LoginIntroView.swift; sourceTree = "<group>"; };
		0511B16B2C84803A00433173 /* iSymbol.entitlements */ = {isa = PBXFileReference; lastKnownFileType = text.plist.entitlements; path = iSymbol.entitlements; sourceTree = "<group>"; };
		0511B16D2C84820500433173 /* LoginIntroController.swift */ = {isa = PBXFileReference; lastKnownFileType = sourcecode.swift; path = LoginIntroController.swift; sourceTree = "<group>"; };
		0511B1712C84BF8A00433173 /* UIColor+.swift */ = {isa = PBXFileReference; lastKnownFileType = sourcecode.swift; path = "UIColor+.swift"; sourceTree = "<group>"; };
		0511B1742C84C72D00433173 /* Pacifico-Regular.ttf */ = {isa = PBXFileReference; lastKnownFileType = file; path = "Pacifico-Regular.ttf"; sourceTree = "<group>"; };
		0511B17E2C84D8F700433173 /* GoogleService-Info.plist */ = {isa = PBXFileReference; fileEncoding = 4; lastKnownFileType = text.plist.xml; path = "GoogleService-Info.plist"; sourceTree = "<group>"; };
		0511B1812C84DA0B00433173 /* AuthService.swift */ = {isa = PBXFileReference; lastKnownFileType = sourcecode.swift; path = AuthService.swift; sourceTree = "<group>"; };
		0511B1832C84DB7700433173 /* Constant.swift */ = {isa = PBXFileReference; lastKnownFileType = sourcecode.swift; path = Constant.swift; sourceTree = "<group>"; };
		0511B1852C84DC7B00433173 /* LoginView.swift */ = {isa = PBXFileReference; lastKnownFileType = sourcecode.swift; path = LoginView.swift; sourceTree = "<group>"; };
		0511B1872C84DC9600433173 /* LoginController.swift */ = {isa = PBXFileReference; lastKnownFileType = sourcecode.swift; path = LoginController.swift; sourceTree = "<group>"; };
		0511B18A2C84E07800433173 /* CustomTextField.swift */ = {isa = PBXFileReference; lastKnownFileType = sourcecode.swift; path = CustomTextField.swift; sourceTree = "<group>"; };
		0511B18C2C84E2CB00433173 /* UIButton+Authentication.swift */ = {isa = PBXFileReference; lastKnownFileType = sourcecode.swift; path = "UIButton+Authentication.swift"; sourceTree = "<group>"; };
		0511B18E2C84E79800433173 /* RegistrationController.swift */ = {isa = PBXFileReference; lastKnownFileType = sourcecode.swift; path = RegistrationController.swift; sourceTree = "<group>"; };
		0511B1902C84E7B500433173 /* RegistrationView.swift */ = {isa = PBXFileReference; lastKnownFileType = sourcecode.swift; path = RegistrationView.swift; sourceTree = "<group>"; };
		0511B1952C85029800433173 /* String+Authentication.swift */ = {isa = PBXFileReference; lastKnownFileType = sourcecode.swift; path = "String+Authentication.swift"; sourceTree = "<group>"; };
		056F2FFC2C5CB2DD00931302 /* iSymbol.app */ = {isa = PBXFileReference; explicitFileType = wrapper.application; includeInIndex = 0; path = iSymbol.app; sourceTree = BUILT_PRODUCTS_DIR; };
		056F2FFF2C5CB2DD00931302 /* AppDelegate.swift */ = {isa = PBXFileReference; lastKnownFileType = sourcecode.swift; path = AppDelegate.swift; sourceTree = "<group>"; };
		056F30012C5CB2DD00931302 /* SceneDelegate.swift */ = {isa = PBXFileReference; lastKnownFileType = sourcecode.swift; path = SceneDelegate.swift; sourceTree = "<group>"; };
		056F30082C5CB2DF00931302 /* Assets.xcassets */ = {isa = PBXFileReference; lastKnownFileType = folder.assetcatalog; path = Assets.xcassets; sourceTree = "<group>"; };
		056F300B2C5CB2DF00931302 /* Base */ = {isa = PBXFileReference; lastKnownFileType = file.storyboard; name = Base; path = Base.lproj/LaunchScreen.storyboard; sourceTree = "<group>"; };
		056F300D2C5CB2DF00931302 /* Info.plist */ = {isa = PBXFileReference; lastKnownFileType = text.plist.xml; path = Info.plist; sourceTree = "<group>"; };
		056F30192C5CB3B300931302 /* HomeController.swift */ = {isa = PBXFileReference; lastKnownFileType = sourcecode.swift; path = HomeController.swift; sourceTree = "<group>"; };
		056F301B2C5CB40C00931302 /* HomeView.swift */ = {isa = PBXFileReference; lastKnownFileType = sourcecode.swift; path = HomeView.swift; sourceTree = "<group>"; };
		056F301E2C5CB44A00931302 /* BaseViewController.swift */ = {isa = PBXFileReference; lastKnownFileType = sourcecode.swift; path = BaseViewController.swift; sourceTree = "<group>"; };
		056F30202C5CB4F500931302 /* BaseView.swift */ = {isa = PBXFileReference; lastKnownFileType = sourcecode.swift; path = BaseView.swift; sourceTree = "<group>"; };
		47CECE3639639584775D2F47 /* Pods_iSymbol.framework */ = {isa = PBXFileReference; explicitFileType = wrapper.framework; includeInIndex = 0; path = Pods_iSymbol.framework; sourceTree = BUILT_PRODUCTS_DIR; };
		51E66DE497B97CE55F3946E0 /* Pods-iSymbol.release.xcconfig */ = {isa = PBXFileReference; includeInIndex = 1; lastKnownFileType = text.xcconfig; name = "Pods-iSymbol.release.xcconfig"; path = "Target Support Files/Pods-iSymbol/Pods-iSymbol.release.xcconfig"; sourceTree = "<group>"; };
		8FBAE6FEC5B3B82FD3EB5D71 /* Pods-iSymbol.debug.xcconfig */ = {isa = PBXFileReference; includeInIndex = 1; lastKnownFileType = text.xcconfig; name = "Pods-iSymbol.debug.xcconfig"; path = "Target Support Files/Pods-iSymbol/Pods-iSymbol.debug.xcconfig"; sourceTree = "<group>"; };
/* End PBXFileReference section */

/* Begin PBXFrameworksBuildPhase section */
		056F2FF92C5CB2DD00931302 /* Frameworks */ = {
			isa = PBXFrameworksBuildPhase;
			buildActionMask = 2147483647;
			files = (
				784BD5D40BCA8A289965F7C8 /* Pods_iSymbol.framework in Frameworks */,
			);
			runOnlyForDeploymentPostprocessing = 0;
		};
/* End PBXFrameworksBuildPhase section */

/* Begin PBXGroup section */
		051156122C6661F100230CFE /* Extension */ = {
			isa = PBXGroup;
			children = (
				051156132C66620D00230CFE /* ReusableIdentifier.swift */,
				0511B1712C84BF8A00433173 /* UIColor+.swift */,
				0511B18C2C84E2CB00433173 /* UIButton+Authentication.swift */,
				0511B1952C85029800433173 /* String+Authentication.swift */,
			);
			path = Extension;
			sourceTree = "<group>";
		};
		0511B1682C847E1700433173 /* Authentication */ = {
			isa = PBXGroup;
			children = (
				0511B1692C847E5F00433173 /* LoginIntroView.swift */,
				0511B1852C84DC7B00433173 /* LoginView.swift */,
				0511B1902C84E7B500433173 /* RegistrationView.swift */,
			);
			path = Authentication;
			sourceTree = "<group>";
		};
		0511B16C2C8481EB00433173 /* Authentication */ = {
			isa = PBXGroup;
			children = (
				0511B16D2C84820500433173 /* LoginIntroController.swift */,
				0511B1872C84DC9600433173 /* LoginController.swift */,
				0511B18E2C84E79800433173 /* RegistrationController.swift */,
			);
			path = Authentication;
			sourceTree = "<group>";
		};
		0511B1732C84C71C00433173 /* Font */ = {
			isa = PBXGroup;
			children = (
				0511B1742C84C72D00433173 /* Pacifico-Regular.ttf */,
			);
			path = Font;
			sourceTree = "<group>";
		};
		0511B1802C84D9F600433173 /* API */ = {
			isa = PBXGroup;
			children = (
				0511B1812C84DA0B00433173 /* AuthService.swift */,
			);
			path = API;
			sourceTree = "<group>";
		};
		0511B1892C84E06A00433173 /* Component */ = {
			isa = PBXGroup;
			children = (
				0511B18A2C84E07800433173 /* CustomTextField.swift */,
			);
			path = Component;
			sourceTree = "<group>";
		};
		056F2FF32C5CB2DD00931302 = {
			isa = PBXGroup;
			children = (
				056F2FFE2C5CB2DD00931302 /* iSymbol */,
				056F2FFD2C5CB2DD00931302 /* Products */,
				1995AE634B31CE1C92DD58DD /* Pods */,
				5EDBE6E4986AEAB03C2D5398 /* Frameworks */,
			);
			sourceTree = "<group>";
		};
		056F2FFD2C5CB2DD00931302 /* Products */ = {
			isa = PBXGroup;
			children = (
				056F2FFC2C5CB2DD00931302 /* iSymbol.app */,
			);
			name = Products;
			sourceTree = "<group>";
		};
		056F2FFE2C5CB2DD00931302 /* iSymbol */ = {
			isa = PBXGroup;
			children = (
				0511B16B2C84803A00433173 /* iSymbol.entitlements */,
				056F300D2C5CB2DF00931302 /* Info.plist */,
				0511B17E2C84D8F700433173 /* GoogleService-Info.plist */,
				056F30132C5CB2EF00931302 /* Resources */,
				056F30142C5CB2FD00931302 /* Sources */,
			);
			path = iSymbol;
			sourceTree = "<group>";
		};
		056F30132C5CB2EF00931302 /* Resources */ = {
			isa = PBXGroup;
			children = (
				0511B1732C84C71C00433173 /* Font */,
				056F30082C5CB2DF00931302 /* Assets.xcassets */,
				056F300A2C5CB2DF00931302 /* LaunchScreen.storyboard */,
			);
			path = Resources;
			sourceTree = "<group>";
		};
		056F30142C5CB2FD00931302 /* Sources */ = {
			isa = PBXGroup;
			children = (
				056F30152C5CB30400931302 /* Application */,
				056F30162C5CB31B00931302 /* Model */,
				056F30182C5CB34500931302 /* View */,
				056F30172C5CB33C00931302 /* Controller */,
				0511B1802C84D9F600433173 /* API */,
				056F301D2C5CB42B00931302 /* Util */,
			);
			path = Sources;
			sourceTree = "<group>";
		};
		056F30152C5CB30400931302 /* Application */ = {
			isa = PBXGroup;
			children = (
				056F2FFF2C5CB2DD00931302 /* AppDelegate.swift */,
				056F30012C5CB2DD00931302 /* SceneDelegate.swift */,
			);
			path = Application;
			sourceTree = "<group>";
		};
		056F30162C5CB31B00931302 /* Model */ = {
			isa = PBXGroup;
			children = (
			);
			path = Model;
			sourceTree = "<group>";
		};
		056F30172C5CB33C00931302 /* Controller */ = {
			isa = PBXGroup;
			children = (
				0511B16C2C8481EB00433173 /* Authentication */,
				056F30232C5CBE2900931302 /* Home */,
			);
			path = Controller;
			sourceTree = "<group>";
		};
		056F30182C5CB34500931302 /* View */ = {
			isa = PBXGroup;
			children = (
				0511B1892C84E06A00433173 /* Component */,
				0511B1682C847E1700433173 /* Authentication */,
				056F30222C5CBE2100931302 /* Home */,
			);
			path = View;
			sourceTree = "<group>";
		};
		056F301D2C5CB42B00931302 /* Util */ = {
			isa = PBXGroup;
			children = (
				0511B1832C84DB7700433173 /* Constant.swift */,
				056F30242C5CBE2E00931302 /* Base */,
				051156122C6661F100230CFE /* Extension */,
			);
			path = Util;
			sourceTree = "<group>";
		};
		056F30222C5CBE2100931302 /* Home */ = {
			isa = PBXGroup;
			children = (
				056F301B2C5CB40C00931302 /* HomeView.swift */,
			);
			path = Home;
			sourceTree = "<group>";
		};
		056F30232C5CBE2900931302 /* Home */ = {
			isa = PBXGroup;
			children = (
				056F30192C5CB3B300931302 /* HomeController.swift */,
			);
			path = Home;
			sourceTree = "<group>";
		};
		056F30242C5CBE2E00931302 /* Base */ = {
			isa = PBXGroup;
			children = (
				056F30202C5CB4F500931302 /* BaseView.swift */,
				056F301E2C5CB44A00931302 /* BaseViewController.swift */,
			);
			path = Base;
			sourceTree = "<group>";
		};
		1995AE634B31CE1C92DD58DD /* Pods */ = {
			isa = PBXGroup;
			children = (
				8FBAE6FEC5B3B82FD3EB5D71 /* Pods-iSymbol.debug.xcconfig */,
				51E66DE497B97CE55F3946E0 /* Pods-iSymbol.release.xcconfig */,
			);
			path = Pods;
			sourceTree = "<group>";
		};
		5EDBE6E4986AEAB03C2D5398 /* Frameworks */ = {
			isa = PBXGroup;
			children = (
				47CECE3639639584775D2F47 /* Pods_iSymbol.framework */,
			);
			name = Frameworks;
			sourceTree = "<group>";
		};
/* End PBXGroup section */

/* Begin PBXNativeTarget section */
		056F2FFB2C5CB2DD00931302 /* iSymbol */ = {
			isa = PBXNativeTarget;
			buildConfigurationList = 056F30102C5CB2DF00931302 /* Build configuration list for PBXNativeTarget "iSymbol" */;
			buildPhases = (
				0C72E50A2B965FA4CB37E9E5 /* [CP] Check Pods Manifest.lock */,
				056F2FF82C5CB2DD00931302 /* Sources */,
				056F2FF92C5CB2DD00931302 /* Frameworks */,
				056F2FFA2C5CB2DD00931302 /* Resources */,
				51E7B30F6B063925E6DE386F /* [CP] Embed Pods Frameworks */,
			);
			buildRules = (
			);
			dependencies = (
			);
			name = iSymbol;
			packageProductDependencies = (
			);
			productName = iSymbol;
			productReference = 056F2FFC2C5CB2DD00931302 /* iSymbol.app */;
			productType = "com.apple.product-type.application";
		};
/* End PBXNativeTarget section */

/* Begin PBXProject section */
		056F2FF42C5CB2DD00931302 /* Project object */ = {
			isa = PBXProject;
			attributes = {
				BuildIndependentTargetsInParallel = 1;
				LastSwiftUpdateCheck = 1540;
				LastUpgradeCheck = 1540;
				TargetAttributes = {
					056F2FFB2C5CB2DD00931302 = {
						CreatedOnToolsVersion = 15.4;
					};
				};
			};
			buildConfigurationList = 056F2FF72C5CB2DD00931302 /* Build configuration list for PBXProject "iSymbol" */;
			compatibilityVersion = "Xcode 14.0";
			developmentRegion = en;
			hasScannedForEncodings = 0;
			knownRegions = (
				en,
				Base,
			);
			mainGroup = 056F2FF32C5CB2DD00931302;
			packageReferences = (
			);
			productRefGroup = 056F2FFD2C5CB2DD00931302 /* Products */;
			projectDirPath = "";
			projectRoot = "";
			targets = (
				056F2FFB2C5CB2DD00931302 /* iSymbol */,
			);
		};
/* End PBXProject section */

/* Begin PBXResourcesBuildPhase section */
		056F2FFA2C5CB2DD00931302 /* Resources */ = {
			isa = PBXResourcesBuildPhase;
			buildActionMask = 2147483647;
			files = (
				0511B1752C84C72D00433173 /* Pacifico-Regular.ttf in Resources */,
				0511B17F2C84D8F700433173 /* GoogleService-Info.plist in Resources */,
				056F30092C5CB2DF00931302 /* Assets.xcassets in Resources */,
				056F300C2C5CB2DF00931302 /* Base in Resources */,
			);
			runOnlyForDeploymentPostprocessing = 0;
		};
/* End PBXResourcesBuildPhase section */

/* Begin PBXShellScriptBuildPhase section */
		0C72E50A2B965FA4CB37E9E5 /* [CP] Check Pods Manifest.lock */ = {
			isa = PBXShellScriptBuildPhase;
			buildActionMask = 2147483647;
			files = (
			);
			inputFileListPaths = (
			);
			inputPaths = (
				"${PODS_PODFILE_DIR_PATH}/Podfile.lock",
				"${PODS_ROOT}/Manifest.lock",
			);
			name = "[CP] Check Pods Manifest.lock";
			outputFileListPaths = (
			);
			outputPaths = (
				"$(DERIVED_FILE_DIR)/Pods-iSymbol-checkManifestLockResult.txt",
			);
			runOnlyForDeploymentPostprocessing = 0;
			shellPath = /bin/sh;
			shellScript = "diff \"${PODS_PODFILE_DIR_PATH}/Podfile.lock\" \"${PODS_ROOT}/Manifest.lock\" > /dev/null\nif [ $? != 0 ] ; then\n    # print error to STDERR\n    echo \"error: The sandbox is not in sync with the Podfile.lock. Run 'pod install' or update your CocoaPods installation.\" >&2\n    exit 1\nfi\n# This output is used by Xcode 'outputs' to avoid re-running this script phase.\necho \"SUCCESS\" > \"${SCRIPT_OUTPUT_FILE_0}\"\n";
			showEnvVarsInLog = 0;
		};
		51E7B30F6B063925E6DE386F /* [CP] Embed Pods Frameworks */ = {
			isa = PBXShellScriptBuildPhase;
			buildActionMask = 2147483647;
			files = (
			);
			inputFileListPaths = (
				"${PODS_ROOT}/Target Support Files/Pods-iSymbol/Pods-iSymbol-frameworks-${CONFIGURATION}-input-files.xcfilelist",
			);
			name = "[CP] Embed Pods Frameworks";
			outputFileListPaths = (
				"${PODS_ROOT}/Target Support Files/Pods-iSymbol/Pods-iSymbol-frameworks-${CONFIGURATION}-output-files.xcfilelist",
			);
			runOnlyForDeploymentPostprocessing = 0;
			shellPath = /bin/sh;
			shellScript = "\"${PODS_ROOT}/Target Support Files/Pods-iSymbol/Pods-iSymbol-frameworks.sh\"\n";
			showEnvVarsInLog = 0;
		};
/* End PBXShellScriptBuildPhase section */

/* Begin PBXSourcesBuildPhase section */
		056F2FF82C5CB2DD00931302 /* Sources */ = {
			isa = PBXSourcesBuildPhase;
			buildActionMask = 2147483647;
			files = (
				051156142C66620D00230CFE /* ReusableIdentifier.swift in Sources */,
				056F301F2C5CB44A00931302 /* BaseViewController.swift in Sources */,
				056F301A2C5CB3B300931302 /* HomeController.swift in Sources */,
				0511B1912C84E7B500433173 /* RegistrationView.swift in Sources */,
				056F301C2C5CB40C00931302 /* HomeView.swift in Sources */,
				0511B1962C85029800433173 /* String+Authentication.swift in Sources */,
				0511B18F2C84E79800433173 /* RegistrationController.swift in Sources */,
				0511B16E2C84820500433173 /* LoginIntroController.swift in Sources */,
				0511B1822C84DA0B00433173 /* AuthService.swift in Sources */,
				056F30212C5CB4F500931302 /* BaseView.swift in Sources */,
				056F30002C5CB2DD00931302 /* AppDelegate.swift in Sources */,
				0511B16A2C847E5F00433173 /* LoginIntroView.swift in Sources */,
				056F30022C5CB2DD00931302 /* SceneDelegate.swift in Sources */,
				0511B1862C84DC7B00433173 /* LoginView.swift in Sources */,
				0511B1722C84BF8A00433173 /* UIColor+.swift in Sources */,
				0511B1842C84DB7700433173 /* Constant.swift in Sources */,
				0511B18D2C84E2CB00433173 /* UIButton+Authentication.swift in Sources */,
				0511B1882C84DC9600433173 /* LoginController.swift in Sources */,
				0511B18B2C84E07800433173 /* CustomTextField.swift in Sources */,
			);
			runOnlyForDeploymentPostprocessing = 0;
		};
/* End PBXSourcesBuildPhase section */

/* Begin PBXVariantGroup section */
		056F300A2C5CB2DF00931302 /* LaunchScreen.storyboard */ = {
			isa = PBXVariantGroup;
			children = (
				056F300B2C5CB2DF00931302 /* Base */,
			);
			name = LaunchScreen.storyboard;
			sourceTree = "<group>";
		};
/* End PBXVariantGroup section */

/* Begin XCBuildConfiguration section */
		056F300E2C5CB2DF00931302 /* Debug */ = {
			isa = XCBuildConfiguration;
			buildSettings = {
				ALWAYS_SEARCH_USER_PATHS = NO;
				ASSETCATALOG_COMPILER_GENERATE_SWIFT_ASSET_SYMBOL_EXTENSIONS = YES;
				CLANG_ANALYZER_NONNULL = YES;
				CLANG_ANALYZER_NUMBER_OBJECT_CONVERSION = YES_AGGRESSIVE;
				CLANG_CXX_LANGUAGE_STANDARD = "gnu++20";
				CLANG_ENABLE_MODULES = YES;
				CLANG_ENABLE_OBJC_ARC = YES;
				CLANG_ENABLE_OBJC_WEAK = YES;
				CLANG_WARN_BLOCK_CAPTURE_AUTORELEASING = YES;
				CLANG_WARN_BOOL_CONVERSION = YES;
				CLANG_WARN_COMMA = YES;
				CLANG_WARN_CONSTANT_CONVERSION = YES;
				CLANG_WARN_DEPRECATED_OBJC_IMPLEMENTATIONS = YES;
				CLANG_WARN_DIRECT_OBJC_ISA_USAGE = YES_ERROR;
				CLANG_WARN_DOCUMENTATION_COMMENTS = YES;
				CLANG_WARN_EMPTY_BODY = YES;
				CLANG_WARN_ENUM_CONVERSION = YES;
				CLANG_WARN_INFINITE_RECURSION = YES;
				CLANG_WARN_INT_CONVERSION = YES;
				CLANG_WARN_NON_LITERAL_NULL_CONVERSION = YES;
				CLANG_WARN_OBJC_IMPLICIT_RETAIN_SELF = YES;
				CLANG_WARN_OBJC_LITERAL_CONVERSION = YES;
				CLANG_WARN_OBJC_ROOT_CLASS = YES_ERROR;
				CLANG_WARN_QUOTED_INCLUDE_IN_FRAMEWORK_HEADER = YES;
				CLANG_WARN_RANGE_LOOP_ANALYSIS = YES;
				CLANG_WARN_STRICT_PROTOTYPES = YES;
				CLANG_WARN_SUSPICIOUS_MOVE = YES;
				CLANG_WARN_UNGUARDED_AVAILABILITY = YES_AGGRESSIVE;
				CLANG_WARN_UNREACHABLE_CODE = YES;
				CLANG_WARN__DUPLICATE_METHOD_MATCH = YES;
				COPY_PHASE_STRIP = NO;
				DEBUG_INFORMATION_FORMAT = dwarf;
				ENABLE_STRICT_OBJC_MSGSEND = YES;
				ENABLE_TESTABILITY = YES;
				ENABLE_USER_SCRIPT_SANDBOXING = NO;
				GCC_C_LANGUAGE_STANDARD = gnu17;
				GCC_DYNAMIC_NO_PIC = NO;
				GCC_NO_COMMON_BLOCKS = YES;
				GCC_OPTIMIZATION_LEVEL = 0;
				GCC_PREPROCESSOR_DEFINITIONS = (
					"DEBUG=1",
					"$(inherited)",
				);
				GCC_WARN_64_TO_32_BIT_CONVERSION = YES;
				GCC_WARN_ABOUT_RETURN_TYPE = YES_ERROR;
				GCC_WARN_UNDECLARED_SELECTOR = YES;
				GCC_WARN_UNINITIALIZED_AUTOS = YES_AGGRESSIVE;
				GCC_WARN_UNUSED_FUNCTION = YES;
				GCC_WARN_UNUSED_VARIABLE = YES;
				IPHONEOS_DEPLOYMENT_TARGET = 17.5;
				LOCALIZATION_PREFERS_STRING_CATALOGS = YES;
				MTL_ENABLE_DEBUG_INFO = INCLUDE_SOURCE;
				MTL_FAST_MATH = YES;
				ONLY_ACTIVE_ARCH = YES;
				SDKROOT = iphoneos;
				SWIFT_ACTIVE_COMPILATION_CONDITIONS = "DEBUG $(inherited)";
				SWIFT_OPTIMIZATION_LEVEL = "-Onone";
			};
			name = Debug;
		};
		056F300F2C5CB2DF00931302 /* Release */ = {
			isa = XCBuildConfiguration;
			buildSettings = {
				ALWAYS_SEARCH_USER_PATHS = NO;
				ASSETCATALOG_COMPILER_GENERATE_SWIFT_ASSET_SYMBOL_EXTENSIONS = YES;
				CLANG_ANALYZER_NONNULL = YES;
				CLANG_ANALYZER_NUMBER_OBJECT_CONVERSION = YES_AGGRESSIVE;
				CLANG_CXX_LANGUAGE_STANDARD = "gnu++20";
				CLANG_ENABLE_MODULES = YES;
				CLANG_ENABLE_OBJC_ARC = YES;
				CLANG_ENABLE_OBJC_WEAK = YES;
				CLANG_WARN_BLOCK_CAPTURE_AUTORELEASING = YES;
				CLANG_WARN_BOOL_CONVERSION = YES;
				CLANG_WARN_COMMA = YES;
				CLANG_WARN_CONSTANT_CONVERSION = YES;
				CLANG_WARN_DEPRECATED_OBJC_IMPLEMENTATIONS = YES;
				CLANG_WARN_DIRECT_OBJC_ISA_USAGE = YES_ERROR;
				CLANG_WARN_DOCUMENTATION_COMMENTS = YES;
				CLANG_WARN_EMPTY_BODY = YES;
				CLANG_WARN_ENUM_CONVERSION = YES;
				CLANG_WARN_INFINITE_RECURSION = YES;
				CLANG_WARN_INT_CONVERSION = YES;
				CLANG_WARN_NON_LITERAL_NULL_CONVERSION = YES;
				CLANG_WARN_OBJC_IMPLICIT_RETAIN_SELF = YES;
				CLANG_WARN_OBJC_LITERAL_CONVERSION = YES;
				CLANG_WARN_OBJC_ROOT_CLASS = YES_ERROR;
				CLANG_WARN_QUOTED_INCLUDE_IN_FRAMEWORK_HEADER = YES;
				CLANG_WARN_RANGE_LOOP_ANALYSIS = YES;
				CLANG_WARN_STRICT_PROTOTYPES = YES;
				CLANG_WARN_SUSPICIOUS_MOVE = YES;
				CLANG_WARN_UNGUARDED_AVAILABILITY = YES_AGGRESSIVE;
				CLANG_WARN_UNREACHABLE_CODE = YES;
				CLANG_WARN__DUPLICATE_METHOD_MATCH = YES;
				COPY_PHASE_STRIP = NO;
				DEBUG_INFORMATION_FORMAT = "dwarf-with-dsym";
				ENABLE_NS_ASSERTIONS = NO;
				ENABLE_STRICT_OBJC_MSGSEND = YES;
				ENABLE_USER_SCRIPT_SANDBOXING = NO;
				GCC_C_LANGUAGE_STANDARD = gnu17;
				GCC_NO_COMMON_BLOCKS = YES;
				GCC_WARN_64_TO_32_BIT_CONVERSION = YES;
				GCC_WARN_ABOUT_RETURN_TYPE = YES_ERROR;
				GCC_WARN_UNDECLARED_SELECTOR = YES;
				GCC_WARN_UNINITIALIZED_AUTOS = YES_AGGRESSIVE;
				GCC_WARN_UNUSED_FUNCTION = YES;
				GCC_WARN_UNUSED_VARIABLE = YES;
				IPHONEOS_DEPLOYMENT_TARGET = 17.5;
				LOCALIZATION_PREFERS_STRING_CATALOGS = YES;
				MTL_ENABLE_DEBUG_INFO = NO;
				MTL_FAST_MATH = YES;
				SDKROOT = iphoneos;
				SWIFT_COMPILATION_MODE = wholemodule;
				VALIDATE_PRODUCT = YES;
			};
			name = Release;
		};
		056F30112C5CB2DF00931302 /* Debug */ = {
			isa = XCBuildConfiguration;
			baseConfigurationReference = 8FBAE6FEC5B3B82FD3EB5D71 /* Pods-iSymbol.debug.xcconfig */;
			buildSettings = {
				ASSETCATALOG_COMPILER_APPICON_NAME = AppIcon;
				ASSETCATALOG_COMPILER_GLOBAL_ACCENT_COLOR_NAME = AccentColor;
				CODE_SIGN_ENTITLEMENTS = iSymbol/iSymbol.entitlements;
				CODE_SIGN_STYLE = Automatic;
				CURRENT_PROJECT_VERSION = 1;
				DEVELOPMENT_TEAM = 7WULLR98GP;
				GENERATE_INFOPLIST_FILE = YES;
				INFOPLIST_FILE = iSymbol/Info.plist;
				INFOPLIST_KEY_CFBundleDisplayName = iSymbol;
				INFOPLIST_KEY_LSApplicationCategoryType = "public.app-category.developer-tools";
				INFOPLIST_KEY_UIApplicationSupportsIndirectInputEvents = YES;
				INFOPLIST_KEY_UILaunchStoryboardName = LaunchScreen;
				INFOPLIST_KEY_UIMainStoryboardFile = "";
				INFOPLIST_KEY_UISupportedInterfaceOrientations = UIInterfaceOrientationPortrait;
				INFOPLIST_KEY_UISupportedInterfaceOrientations_iPad = "UIInterfaceOrientationLandscapeLeft UIInterfaceOrientationLandscapeRight UIInterfaceOrientationPortrait UIInterfaceOrientationPortraitUpsideDown";
				IPHONEOS_DEPLOYMENT_TARGET = 16.0;
				LD_RUNPATH_SEARCH_PATHS = (
					"$(inherited)",
					"@executable_path/Frameworks",
				);
				MARKETING_VERSION = 1.0;
				PRODUCT_BUNDLE_IDENTIFIER = com.rafa.iSymbol;
				PRODUCT_NAME = "$(TARGET_NAME)";
				SUPPORTED_PLATFORMS = "iphoneos iphonesimulator";
				SUPPORTS_MACCATALYST = NO;
				SUPPORTS_MAC_DESIGNED_FOR_IPHONE_IPAD = NO;
				SUPPORTS_XR_DESIGNED_FOR_IPHONE_IPAD = NO;
				SWIFT_EMIT_LOC_STRINGS = YES;
				SWIFT_VERSION = 5.0;
				TARGETED_DEVICE_FAMILY = 1;
			};
			name = Debug;
		};
		056F30122C5CB2DF00931302 /* Release */ = {
			isa = XCBuildConfiguration;
			baseConfigurationReference = 51E66DE497B97CE55F3946E0 /* Pods-iSymbol.release.xcconfig */;
			buildSettings = {
				ASSETCATALOG_COMPILER_APPICON_NAME = AppIcon;
				ASSETCATALOG_COMPILER_GLOBAL_ACCENT_COLOR_NAME = AccentColor;
				CODE_SIGN_ENTITLEMENTS = iSymbol/iSymbol.entitlements;
				CODE_SIGN_STYLE = Automatic;
				CURRENT_PROJECT_VERSION = 1;
				DEVELOPMENT_TEAM = 7WULLR98GP;
				GENERATE_INFOPLIST_FILE = YES;
				INFOPLIST_FILE = iSymbol/Info.plist;
				INFOPLIST_KEY_CFBundleDisplayName = iSymbol;
				INFOPLIST_KEY_LSApplicationCategoryType = "public.app-category.developer-tools";
				INFOPLIST_KEY_UIApplicationSupportsIndirectInputEvents = YES;
				INFOPLIST_KEY_UILaunchStoryboardName = LaunchScreen;
				INFOPLIST_KEY_UIMainStoryboardFile = "";
				INFOPLIST_KEY_UISupportedInterfaceOrientations = UIInterfaceOrientationPortrait;
				INFOPLIST_KEY_UISupportedInterfaceOrientations_iPad = "UIInterfaceOrientationLandscapeLeft UIInterfaceOrientationLandscapeRight UIInterfaceOrientationPortrait UIInterfaceOrientationPortraitUpsideDown";
				IPHONEOS_DEPLOYMENT_TARGET = 16.0;
				LD_RUNPATH_SEARCH_PATHS = (
					"$(inherited)",
					"@executable_path/Frameworks",
				);
				MARKETING_VERSION = 1.0;
				PRODUCT_BUNDLE_IDENTIFIER = com.rafa.iSymbol;
				PRODUCT_NAME = "$(TARGET_NAME)";
				SUPPORTED_PLATFORMS = "iphoneos iphonesimulator";
				SUPPORTS_MACCATALYST = NO;
				SUPPORTS_MAC_DESIGNED_FOR_IPHONE_IPAD = NO;
				SUPPORTS_XR_DESIGNED_FOR_IPHONE_IPAD = NO;
				SWIFT_EMIT_LOC_STRINGS = YES;
				SWIFT_VERSION = 5.0;
				TARGETED_DEVICE_FAMILY = 1;
			};
			name = Release;
		};
/* End XCBuildConfiguration section */

/* Begin XCConfigurationList section */
		056F2FF72C5CB2DD00931302 /* Build configuration list for PBXProject "iSymbol" */ = {
			isa = XCConfigurationList;
			buildConfigurations = (
				056F300E2C5CB2DF00931302 /* Debug */,
				056F300F2C5CB2DF00931302 /* Release */,
			);
			defaultConfigurationIsVisible = 0;
			defaultConfigurationName = Release;
		};
		056F30102C5CB2DF00931302 /* Build configuration list for PBXNativeTarget "iSymbol" */ = {
			isa = XCConfigurationList;
			buildConfigurations = (
				056F30112C5CB2DF00931302 /* Debug */,
				056F30122C5CB2DF00931302 /* Release */,
			);
			defaultConfigurationIsVisible = 0;
			defaultConfigurationName = Release;
		};
/* End XCConfigurationList section */
	};
	rootObject = 056F2FF42C5CB2DD00931302 /* Project object */;
}
